// !$*UTF8*$!
{
	archiveVersion = 1;
	classes = {
	};
	objectVersion = 56;
	objects = {

/* Begin PBXBuildFile section */
		FDD327C12ACEC6E3006D4E20 /* AppDelegate.swift in Sources */ = {isa = PBXBuildFile; fileRef = FDD327C02ACEC6E3006D4E20 /* AppDelegate.swift */; };
		FDD327C32ACEC6E3006D4E20 /* SceneDelegate.swift in Sources */ = {isa = PBXBuildFile; fileRef = FDD327C22ACEC6E3006D4E20 /* SceneDelegate.swift */; };
		FDD327C52ACEC6E3006D4E20 /* PostListViewController.swift in Sources */ = {isa = PBXBuildFile; fileRef = FDD327C42ACEC6E3006D4E20 /* PostListViewController.swift */; };
		FDD327C82ACEC6E3006D4E20 /* Main.storyboard in Resources */ = {isa = PBXBuildFile; fileRef = FDD327C62ACEC6E3006D4E20 /* Main.storyboard */; };
		FDD327CA2ACEC6E7006D4E20 /* Assets.xcassets in Resources */ = {isa = PBXBuildFile; fileRef = FDD327C92ACEC6E7006D4E20 /* Assets.xcassets */; };
		FDD327CD2ACEC6E7006D4E20 /* LaunchScreen.storyboard in Resources */ = {isa = PBXBuildFile; fileRef = FDD327CB2ACEC6E7006D4E20 /* LaunchScreen.storyboard */; };
		FDD327DA2ACECA55006D4E20 /* PostTableViewCell.swift in Sources */ = {isa = PBXBuildFile; fileRef = FDD327D82ACECA55006D4E20 /* PostTableViewCell.swift */; };
		FDD327DB2ACECA55006D4E20 /* PostTableViewCell.xib in Resources */ = {isa = PBXBuildFile; fileRef = FDD327D92ACECA55006D4E20 /* PostTableViewCell.xib */; };
		FDD327DD2ACEDD2B006D4E20 /* QueryBuilder.swift in Sources */ = {isa = PBXBuildFile; fileRef = FDD327DC2ACEDD2B006D4E20 /* QueryBuilder.swift */; };
		FDD327E12ACEDEDC006D4E20 /* ServiceError.swift in Sources */ = {isa = PBXBuildFile; fileRef = FDD327E02ACEDEDC006D4E20 /* ServiceError.swift */; };
		FDD327E32ACEE1B4006D4E20 /* PostService.swift in Sources */ = {isa = PBXBuildFile; fileRef = FDD327E22ACEE1B4006D4E20 /* PostService.swift */; };
		FDD327E62ACEEAF9006D4E20 /* PostItem.swift in Sources */ = {isa = PBXBuildFile; fileRef = FDD327E52ACEEAF9006D4E20 /* PostItem.swift */; };
		FDD327E82ACEEB28006D4E20 /* PostListResponse.swift in Sources */ = {isa = PBXBuildFile; fileRef = FDD327E72ACEEB28006D4E20 /* PostListResponse.swift */; };
		FDD327EA2ACEEB3F006D4E20 /* PostDetails.swift in Sources */ = {isa = PBXBuildFile; fileRef = FDD327E92ACEEB3F006D4E20 /* PostDetails.swift */; };
		FDD327EC2ACEEB70006D4E20 /* PostDetailsResponse.swift in Sources */ = {isa = PBXBuildFile; fileRef = FDD327EB2ACEEB70006D4E20 /* PostDetailsResponse.swift */; };
		FDD327EF2ACEEBA6006D4E20 /* PostListModel.swift in Sources */ = {isa = PBXBuildFile; fileRef = FDD327EE2ACEEBA6006D4E20 /* PostListModel.swift */; };
		FDD327F62ACF017D006D4E20 /* Helper.swift in Sources */ = {isa = PBXBuildFile; fileRef = FDD327F52ACF017D006D4E20 /* Helper.swift */; };
		FDD327F92ACF02BB006D4E20 /* UILabel+Configuration.swift in Sources */ = {isa = PBXBuildFile; fileRef = FDD327F82ACF02BB006D4E20 /* UILabel+Configuration.swift */; };
/* End PBXBuildFile section */

/* Begin PBXFileReference section */
		FDD327BD2ACEC6E3006D4E20 /* iOS-Test-Task.app */ = {isa = PBXFileReference; explicitFileType = wrapper.application; includeInIndex = 0; path = "iOS-Test-Task.app"; sourceTree = BUILT_PRODUCTS_DIR; };
		FDD327C02ACEC6E3006D4E20 /* AppDelegate.swift */ = {isa = PBXFileReference; lastKnownFileType = sourcecode.swift; path = AppDelegate.swift; sourceTree = "<group>"; };
		FDD327C22ACEC6E3006D4E20 /* SceneDelegate.swift */ = {isa = PBXFileReference; lastKnownFileType = sourcecode.swift; path = SceneDelegate.swift; sourceTree = "<group>"; };
		FDD327C42ACEC6E3006D4E20 /* PostListViewController.swift */ = {isa = PBXFileReference; lastKnownFileType = sourcecode.swift; path = PostListViewController.swift; sourceTree = "<group>"; };
		FDD327C72ACEC6E3006D4E20 /* Base */ = {isa = PBXFileReference; lastKnownFileType = file.storyboard; name = Base; path = Base.lproj/Main.storyboard; sourceTree = "<group>"; };
		FDD327C92ACEC6E7006D4E20 /* Assets.xcassets */ = {isa = PBXFileReference; lastKnownFileType = folder.assetcatalog; path = Assets.xcassets; sourceTree = "<group>"; };
		FDD327CC2ACEC6E7006D4E20 /* Base */ = {isa = PBXFileReference; lastKnownFileType = file.storyboard; name = Base; path = Base.lproj/LaunchScreen.storyboard; sourceTree = "<group>"; };
		FDD327CE2ACEC6E7006D4E20 /* Info.plist */ = {isa = PBXFileReference; lastKnownFileType = text.plist.xml; path = Info.plist; sourceTree = "<group>"; };
		FDD327D82ACECA55006D4E20 /* PostTableViewCell.swift */ = {isa = PBXFileReference; lastKnownFileType = sourcecode.swift; path = PostTableViewCell.swift; sourceTree = "<group>"; };
		FDD327D92ACECA55006D4E20 /* PostTableViewCell.xib */ = {isa = PBXFileReference; lastKnownFileType = file.xib; path = PostTableViewCell.xib; sourceTree = "<group>"; };
		FDD327DC2ACEDD2B006D4E20 /* QueryBuilder.swift */ = {isa = PBXFileReference; lastKnownFileType = sourcecode.swift; path = QueryBuilder.swift; sourceTree = "<group>"; };
		FDD327E02ACEDEDC006D4E20 /* ServiceError.swift */ = {isa = PBXFileReference; lastKnownFileType = sourcecode.swift; path = ServiceError.swift; sourceTree = "<group>"; };
		FDD327E22ACEE1B4006D4E20 /* PostService.swift */ = {isa = PBXFileReference; lastKnownFileType = sourcecode.swift; path = PostService.swift; sourceTree = "<group>"; };
		FDD327E52ACEEAF9006D4E20 /* PostItem.swift */ = {isa = PBXFileReference; lastKnownFileType = sourcecode.swift; path = PostItem.swift; sourceTree = "<group>"; };
		FDD327E72ACEEB28006D4E20 /* PostListResponse.swift */ = {isa = PBXFileReference; lastKnownFileType = sourcecode.swift; path = PostListResponse.swift; sourceTree = "<group>"; };
		FDD327E92ACEEB3F006D4E20 /* PostDetails.swift */ = {isa = PBXFileReference; lastKnownFileType = sourcecode.swift; path = PostDetails.swift; sourceTree = "<group>"; };
		FDD327EB2ACEEB70006D4E20 /* PostDetailsResponse.swift */ = {isa = PBXFileReference; lastKnownFileType = sourcecode.swift; path = PostDetailsResponse.swift; sourceTree = "<group>"; };
		FDD327EE2ACEEBA6006D4E20 /* PostListModel.swift */ = {isa = PBXFileReference; lastKnownFileType = sourcecode.swift; path = PostListModel.swift; sourceTree = "<group>"; };
		FDD327F52ACF017D006D4E20 /* Helper.swift */ = {isa = PBXFileReference; lastKnownFileType = sourcecode.swift; path = Helper.swift; sourceTree = "<group>"; };
		FDD327F82ACF02BB006D4E20 /* UILabel+Configuration.swift */ = {isa = PBXFileReference; lastKnownFileType = sourcecode.swift; path = "UILabel+Configuration.swift"; sourceTree = "<group>"; };
/* End PBXFileReference section */

/* Begin PBXFrameworksBuildPhase section */
		FDD327BA2ACEC6E3006D4E20 /* Frameworks */ = {
			isa = PBXFrameworksBuildPhase;
			buildActionMask = 2147483647;
			files = (
			);
			runOnlyForDeploymentPostprocessing = 0;
		};
/* End PBXFrameworksBuildPhase section */

/* Begin PBXGroup section */
		FDD327B42ACEC6E3006D4E20 = {
			isa = PBXGroup;
			children = (
				FDD327BF2ACEC6E3006D4E20 /* iOS-Test-Task */,
				FDD327BE2ACEC6E3006D4E20 /* Products */,
			);
			sourceTree = "<group>";
		};
		FDD327BE2ACEC6E3006D4E20 /* Products */ = {
			isa = PBXGroup;
			children = (
				FDD327BD2ACEC6E3006D4E20 /* iOS-Test-Task.app */,
			);
			name = Products;
			sourceTree = "<group>";
		};
		FDD327BF2ACEC6E3006D4E20 /* iOS-Test-Task */ = {
			isa = PBXGroup;
			children = (
				FDD327F72ACF02AA006D4E20 /* Extensions */,
				FDD327E42ACEEACA006D4E20 /* DTO */,
				FDD327DE2ACEDEBB006D4E20 /* Services */,
				FDD327D62ACEC804006D4E20 /* Posts */,
				FDD327D52ACEC773006D4E20 /* Resources */,
				FDD327D42ACEC72E006D4E20 /* Supporting Files */,
				FDD327C62ACEC6E3006D4E20 /* Main.storyboard */,
				FDD327CB2ACEC6E7006D4E20 /* LaunchScreen.storyboard */,
			);
			path = "iOS-Test-Task";
			sourceTree = "<group>";
		};
		FDD327D42ACEC72E006D4E20 /* Supporting Files */ = {
			isa = PBXGroup;
			children = (
				FDD327C02ACEC6E3006D4E20 /* AppDelegate.swift */,
				FDD327C22ACEC6E3006D4E20 /* SceneDelegate.swift */,
				FDD327CE2ACEC6E7006D4E20 /* Info.plist */,
			);
			path = "Supporting Files";
			sourceTree = "<group>";
		};
		FDD327D52ACEC773006D4E20 /* Resources */ = {
			isa = PBXGroup;
			children = (
				FDD327C92ACEC6E7006D4E20 /* Assets.xcassets */,
				FDD327DC2ACEDD2B006D4E20 /* QueryBuilder.swift */,
				FDD327F52ACF017D006D4E20 /* Helper.swift */,
			);
			path = Resources;
			sourceTree = "<group>";
		};
		FDD327D62ACEC804006D4E20 /* Posts */ = {
			isa = PBXGroup;
			children = (
				FDD327ED2ACEEB99006D4E20 /* Models */,
				FDD327D72ACEC9D5006D4E20 /* Views */,
				FDD327C42ACEC6E3006D4E20 /* PostListViewController.swift */,
			);
			path = Posts;
			sourceTree = "<group>";
		};
		FDD327D72ACEC9D5006D4E20 /* Views */ = {
			isa = PBXGroup;
			children = (
				FDD327D82ACECA55006D4E20 /* PostTableViewCell.swift */,
				FDD327D92ACECA55006D4E20 /* PostTableViewCell.xib */,
			);
			path = Views;
			sourceTree = "<group>";
		};
		FDD327DE2ACEDEBB006D4E20 /* Services */ = {
			isa = PBXGroup;
			children = (
				FDD327DF2ACEDEC6006D4E20 /* Networking */,
				FDD327E02ACEDEDC006D4E20 /* ServiceError.swift */,
			);
			path = Services;
			sourceTree = "<group>";
		};
		FDD327DF2ACEDEC6006D4E20 /* Networking */ = {
			isa = PBXGroup;
			children = (
				FDD327E22ACEE1B4006D4E20 /* PostService.swift */,
			);
			path = Networking;
			sourceTree = "<group>";
		};
		FDD327E42ACEEACA006D4E20 /* DTO */ = {
			isa = PBXGroup;
			children = (
				FDD327E52ACEEAF9006D4E20 /* PostItem.swift */,
				FDD327E72ACEEB28006D4E20 /* PostListResponse.swift */,
				FDD327E92ACEEB3F006D4E20 /* PostDetails.swift */,
				FDD327EB2ACEEB70006D4E20 /* PostDetailsResponse.swift */,
			);
			path = DTO;
			sourceTree = "<group>";
		};
		FDD327ED2ACEEB99006D4E20 /* Models */ = {
			isa = PBXGroup;
			children = (
				FDD327EE2ACEEBA6006D4E20 /* PostListModel.swift */,
			);
			path = Models;
			sourceTree = "<group>";
		};
		FDD327F72ACF02AA006D4E20 /* Extensions */ = {
			isa = PBXGroup;
			children = (
				FDD327F82ACF02BB006D4E20 /* UILabel+Configuration.swift */,
			);
			path = Extensions;
			sourceTree = "<group>";
		};
/* End PBXGroup section */

/* Begin PBXNativeTarget section */
		FDD327BC2ACEC6E3006D4E20 /* iOS-Test-Task */ = {
			isa = PBXNativeTarget;
			buildConfigurationList = FDD327D12ACEC6E7006D4E20 /* Build configuration list for PBXNativeTarget "iOS-Test-Task" */;
			buildPhases = (
				FDD327B92ACEC6E3006D4E20 /* Sources */,
				FDD327BA2ACEC6E3006D4E20 /* Frameworks */,
				FDD327BB2ACEC6E3006D4E20 /* Resources */,
			);
			buildRules = (
			);
			dependencies = (
			);
			name = "iOS-Test-Task";
			packageProductDependencies = (
			);
			productName = "iOS-Test-Task";
			productReference = FDD327BD2ACEC6E3006D4E20 /* iOS-Test-Task.app */;
			productType = "com.apple.product-type.application";
		};
/* End PBXNativeTarget section */

/* Begin PBXProject section */
		FDD327B52ACEC6E3006D4E20 /* Project object */ = {
			isa = PBXProject;
			attributes = {
				BuildIndependentTargetsInParallel = 1;
				LastSwiftUpdateCheck = 1430;
				LastUpgradeCheck = 1430;
				TargetAttributes = {
					FDD327BC2ACEC6E3006D4E20 = {
						CreatedOnToolsVersion = 14.3.1;
					};
				};
			};
			buildConfigurationList = FDD327B82ACEC6E3006D4E20 /* Build configuration list for PBXProject "iOS-Test-Task" */;
			compatibilityVersion = "Xcode 14.0";
			developmentRegion = en;
			hasScannedForEncodings = 0;
			knownRegions = (
				en,
				Base,
			);
			mainGroup = FDD327B42ACEC6E3006D4E20;
			packageReferences = (
			);
			productRefGroup = FDD327BE2ACEC6E3006D4E20 /* Products */;
			projectDirPath = "";
			projectRoot = "";
			targets = (
				FDD327BC2ACEC6E3006D4E20 /* iOS-Test-Task */,
			);
		};
/* End PBXProject section */

/* Begin PBXResourcesBuildPhase section */
		FDD327BB2ACEC6E3006D4E20 /* Resources */ = {
			isa = PBXResourcesBuildPhase;
			buildActionMask = 2147483647;
			files = (
				FDD327CD2ACEC6E7006D4E20 /* LaunchScreen.storyboard in Resources */,
				FDD327CA2ACEC6E7006D4E20 /* Assets.xcassets in Resources */,
				FDD327C82ACEC6E3006D4E20 /* Main.storyboard in Resources */,
				FDD327DB2ACECA55006D4E20 /* PostTableViewCell.xib in Resources */,
			);
			runOnlyForDeploymentPostprocessing = 0;
		};
/* End PBXResourcesBuildPhase section */

/* Begin PBXSourcesBuildPhase section */
		FDD327B92ACEC6E3006D4E20 /* Sources */ = {
			isa = PBXSourcesBuildPhase;
			buildActionMask = 2147483647;
			files = (
				FDD327E12ACEDEDC006D4E20 /* ServiceError.swift in Sources */,
				FDD327C52ACEC6E3006D4E20 /* PostListViewController.swift in Sources */,
				FDD327EA2ACEEB3F006D4E20 /* PostDetails.swift in Sources */,
				FDD327F92ACF02BB006D4E20 /* UILabel+Configuration.swift in Sources */,
				FDD327E82ACEEB28006D4E20 /* PostListResponse.swift in Sources */,
				FDD327E32ACEE1B4006D4E20 /* PostService.swift in Sources */,
				FDD327EF2ACEEBA6006D4E20 /* PostListModel.swift in Sources */,
				FDD327C12ACEC6E3006D4E20 /* AppDelegate.swift in Sources */,
				FDD327DD2ACEDD2B006D4E20 /* QueryBuilder.swift in Sources */,
				FDD327C32ACEC6E3006D4E20 /* SceneDelegate.swift in Sources */,
				FDD327E62ACEEAF9006D4E20 /* PostItem.swift in Sources */,
				FDD327F62ACF017D006D4E20 /* Helper.swift in Sources */,
				FDD327DA2ACECA55006D4E20 /* PostTableViewCell.swift in Sources */,
				FDD327EC2ACEEB70006D4E20 /* PostDetailsResponse.swift in Sources */,
			);
			runOnlyForDeploymentPostprocessing = 0;
		};
/* End PBXSourcesBuildPhase section */

/* Begin PBXVariantGroup section */
		FDD327C62ACEC6E3006D4E20 /* Main.storyboard */ = {
			isa = PBXVariantGroup;
			children = (
				FDD327C72ACEC6E3006D4E20 /* Base */,
			);
			name = Main.storyboard;
			sourceTree = "<group>";
		};
		FDD327CB2ACEC6E7006D4E20 /* LaunchScreen.storyboard */ = {
			isa = PBXVariantGroup;
			children = (
				FDD327CC2ACEC6E7006D4E20 /* Base */,
			);
			name = LaunchScreen.storyboard;
			sourceTree = "<group>";
		};
/* End PBXVariantGroup section */

/* Begin XCBuildConfiguration section */
		FDD327CF2ACEC6E7006D4E20 /* Debug */ = {
			isa = XCBuildConfiguration;
			buildSettings = {
				ALWAYS_SEARCH_USER_PATHS = NO;
				CLANG_ANALYZER_NONNULL = YES;
				CLANG_ANALYZER_NUMBER_OBJECT_CONVERSION = YES_AGGRESSIVE;
				CLANG_CXX_LANGUAGE_STANDARD = "gnu++20";
				CLANG_ENABLE_MODULES = YES;
				CLANG_ENABLE_OBJC_ARC = YES;
				CLANG_ENABLE_OBJC_WEAK = YES;
				CLANG_WARN_BLOCK_CAPTURE_AUTORELEASING = YES;
				CLANG_WARN_BOOL_CONVERSION = YES;
				CLANG_WARN_COMMA = YES;
				CLANG_WARN_CONSTANT_CONVERSION = YES;
				CLANG_WARN_DEPRECATED_OBJC_IMPLEMENTATIONS = YES;
				CLANG_WARN_DIRECT_OBJC_ISA_USAGE = YES_ERROR;
				CLANG_WARN_DOCUMENTATION_COMMENTS = YES;
				CLANG_WARN_EMPTY_BODY = YES;
				CLANG_WARN_ENUM_CONVERSION = YES;
				CLANG_WARN_INFINITE_RECURSION = YES;
				CLANG_WARN_INT_CONVERSION = YES;
				CLANG_WARN_NON_LITERAL_NULL_CONVERSION = YES;
				CLANG_WARN_OBJC_IMPLICIT_RETAIN_SELF = YES;
				CLANG_WARN_OBJC_LITERAL_CONVERSION = YES;
				CLANG_WARN_OBJC_ROOT_CLASS = YES_ERROR;
				CLANG_WARN_QUOTED_INCLUDE_IN_FRAMEWORK_HEADER = YES;
				CLANG_WARN_RANGE_LOOP_ANALYSIS = YES;
				CLANG_WARN_STRICT_PROTOTYPES = YES;
				CLANG_WARN_SUSPICIOUS_MOVE = YES;
				CLANG_WARN_UNGUARDED_AVAILABILITY = YES_AGGRESSIVE;
				CLANG_WARN_UNREACHABLE_CODE = YES;
				CLANG_WARN__DUPLICATE_METHOD_MATCH = YES;
				COPY_PHASE_STRIP = NO;
				DEBUG_INFORMATION_FORMAT = dwarf;
				ENABLE_STRICT_OBJC_MSGSEND = YES;
				ENABLE_TESTABILITY = YES;
				GCC_C_LANGUAGE_STANDARD = gnu11;
				GCC_DYNAMIC_NO_PIC = NO;
				GCC_NO_COMMON_BLOCKS = YES;
				GCC_OPTIMIZATION_LEVEL = 0;
				GCC_PREPROCESSOR_DEFINITIONS = (
					"DEBUG=1",
					"$(inherited)",
				);
				GCC_WARN_64_TO_32_BIT_CONVERSION = YES;
				GCC_WARN_ABOUT_RETURN_TYPE = YES_ERROR;
				GCC_WARN_UNDECLARED_SELECTOR = YES;
				GCC_WARN_UNINITIALIZED_AUTOS = YES_AGGRESSIVE;
				GCC_WARN_UNUSED_FUNCTION = YES;
				GCC_WARN_UNUSED_VARIABLE = YES;
				IPHONEOS_DEPLOYMENT_TARGET = 16.4;
				MTL_ENABLE_DEBUG_INFO = INCLUDE_SOURCE;
				MTL_FAST_MATH = YES;
				ONLY_ACTIVE_ARCH = YES;
				SDKROOT = iphoneos;
				SWIFT_ACTIVE_COMPILATION_CONDITIONS = DEBUG;
				SWIFT_OPTIMIZATION_LEVEL = "-Onone";
			};
			name = Debug;
		};
		FDD327D02ACEC6E7006D4E20 /* Release */ = {
			isa = XCBuildConfiguration;
			buildSettings = {
				ALWAYS_SEARCH_USER_PATHS = NO;
				CLANG_ANALYZER_NONNULL = YES;
				CLANG_ANALYZER_NUMBER_OBJECT_CONVERSION = YES_AGGRESSIVE;
				CLANG_CXX_LANGUAGE_STANDARD = "gnu++20";
				CLANG_ENABLE_MODULES = YES;
				CLANG_ENABLE_OBJC_ARC = YES;
				CLANG_ENABLE_OBJC_WEAK = YES;
				CLANG_WARN_BLOCK_CAPTURE_AUTORELEASING = YES;
				CLANG_WARN_BOOL_CONVERSION = YES;
				CLANG_WARN_COMMA = YES;
				CLANG_WARN_CONSTANT_CONVERSION = YES;
				CLANG_WARN_DEPRECATED_OBJC_IMPLEMENTATIONS = YES;
				CLANG_WARN_DIRECT_OBJC_ISA_USAGE = YES_ERROR;
				CLANG_WARN_DOCUMENTATION_COMMENTS = YES;
				CLANG_WARN_EMPTY_BODY = YES;
				CLANG_WARN_ENUM_CONVERSION = YES;
				CLANG_WARN_INFINITE_RECURSION = YES;
				CLANG_WARN_INT_CONVERSION = YES;
				CLANG_WARN_NON_LITERAL_NULL_CONVERSION = YES;
				CLANG_WARN_OBJC_IMPLICIT_RETAIN_SELF = YES;
				CLANG_WARN_OBJC_LITERAL_CONVERSION = YES;
				CLANG_WARN_OBJC_ROOT_CLASS = YES_ERROR;
				CLANG_WARN_QUOTED_INCLUDE_IN_FRAMEWORK_HEADER = YES;
				CLANG_WARN_RANGE_LOOP_ANALYSIS = YES;
				CLANG_WARN_STRICT_PROTOTYPES = YES;
				CLANG_WARN_SUSPICIOUS_MOVE = YES;
				CLANG_WARN_UNGUARDED_AVAILABILITY = YES_AGGRESSIVE;
				CLANG_WARN_UNREACHABLE_CODE = YES;
				CLANG_WARN__DUPLICATE_METHOD_MATCH = YES;
				COPY_PHASE_STRIP = NO;
				DEBUG_INFORMATION_FORMAT = "dwarf-with-dsym";
				ENABLE_NS_ASSERTIONS = NO;
				ENABLE_STRICT_OBJC_MSGSEND = YES;
				GCC_C_LANGUAGE_STANDARD = gnu11;
				GCC_NO_COMMON_BLOCKS = YES;
				GCC_WARN_64_TO_32_BIT_CONVERSION = YES;
				GCC_WARN_ABOUT_RETURN_TYPE = YES_ERROR;
				GCC_WARN_UNDECLARED_SELECTOR = YES;
				GCC_WARN_UNINITIALIZED_AUTOS = YES_AGGRESSIVE;
				GCC_WARN_UNUSED_FUNCTION = YES;
				GCC_WARN_UNUSED_VARIABLE = YES;
				IPHONEOS_DEPLOYMENT_TARGET = 16.4;
				MTL_ENABLE_DEBUG_INFO = NO;
				MTL_FAST_MATH = YES;
				SDKROOT = iphoneos;
				SWIFT_COMPILATION_MODE = wholemodule;
				SWIFT_OPTIMIZATION_LEVEL = "-O";
				VALIDATE_PRODUCT = YES;
			};
			name = Release;
		};
		FDD327D22ACEC6E7006D4E20 /* Debug */ = {
			isa = XCBuildConfiguration;
			buildSettings = {
				ASSETCATALOG_COMPILER_APPICON_NAME = AppIcon;
				ASSETCATALOG_COMPILER_GLOBAL_ACCENT_COLOR_NAME = AccentColor;
				CODE_SIGN_STYLE = Automatic;
				CURRENT_PROJECT_VERSION = 1;
				GENERATE_INFOPLIST_FILE = YES;
				INFOPLIST_FILE = "iOS-Test-Task/Supporting Files/Info.plist";
				INFOPLIST_KEY_UIApplicationSupportsIndirectInputEvents = YES;
				INFOPLIST_KEY_UILaunchStoryboardName = LaunchScreen;
				INFOPLIST_KEY_UIMainStoryboardFile = Main;
				INFOPLIST_KEY_UISupportedInterfaceOrientations_iPad = "UIInterfaceOrientationPortrait UIInterfaceOrientationPortraitUpsideDown UIInterfaceOrientationLandscapeLeft UIInterfaceOrientationLandscapeRight";
				INFOPLIST_KEY_UISupportedInterfaceOrientations_iPhone = "UIInterfaceOrientationPortrait UIInterfaceOrientationLandscapeLeft UIInterfaceOrientationLandscapeRight";
				IPHONEOS_DEPLOYMENT_TARGET = 14.0;
				LD_RUNPATH_SEARCH_PATHS = (
					"$(inherited)",
					"@executable_path/Frameworks",
				);
				MARKETING_VERSION = 1.0;
				PRODUCT_BUNDLE_IDENTIFIER = "com.RomanIvanov.iOS-Test-Task";
				PRODUCT_NAME = "$(TARGET_NAME)";
				SWIFT_EMIT_LOC_STRINGS = YES;
				SWIFT_VERSION = 5.0;
				TARGETED_DEVICE_FAMILY = "1,2";
			};
			name = Debug;
		};
		FDD327D32ACEC6E7006D4E20 /* Release */ = {
			isa = XCBuildConfiguration;
			buildSettings = {
				ASSETCATALOG_COMPILER_APPICON_NAME = AppIcon;
				ASSETCATALOG_COMPILER_GLOBAL_ACCENT_COLOR_NAME = AccentColor;
				CODE_SIGN_STYLE = Automatic;
				CURRENT_PROJECT_VERSION = 1;
				GENERATE_INFOPLIST_FILE = YES;
				INFOPLIST_FILE = "iOS-Test-Task/Supporting Files/Info.plist";
				INFOPLIST_KEY_UIApplicationSupportsIndirectInputEvents = YES;
				INFOPLIST_KEY_UILaunchStoryboardName = LaunchScreen;
				INFOPLIST_KEY_UIMainStoryboardFile = Main;
				INFOPLIST_KEY_UISupportedInterfaceOrientations_iPad = "UIInterfaceOrientationPortrait UIInterfaceOrientationPortraitUpsideDown UIInterfaceOrientationLandscapeLeft UIInterfaceOrientationLandscapeRight";
				INFOPLIST_KEY_UISupportedInterfaceOrientations_iPhone = "UIInterfaceOrientationPortrait UIInterfaceOrientationLandscapeLeft UIInterfaceOrientationLandscapeRight";
				IPHONEOS_DEPLOYMENT_TARGET = 14.0;
				LD_RUNPATH_SEARCH_PATHS = (
					"$(inherited)",
					"@executable_path/Frameworks",
				);
				MARKETING_VERSION = 1.0;
				PRODUCT_BUNDLE_IDENTIFIER = "com.RomanIvanov.iOS-Test-Task";
				PRODUCT_NAME = "$(TARGET_NAME)";
				SWIFT_EMIT_LOC_STRINGS = YES;
				SWIFT_VERSION = 5.0;
				TARGETED_DEVICE_FAMILY = "1,2";
			};
			name = Release;
		};
/* End XCBuildConfiguration section */

/* Begin XCConfigurationList section */
		FDD327B82ACEC6E3006D4E20 /* Build configuration list for PBXProject "iOS-Test-Task" */ = {
			isa = XCConfigurationList;
			buildConfigurations = (
				FDD327CF2ACEC6E7006D4E20 /* Debug */,
				FDD327D02ACEC6E7006D4E20 /* Release */,
			);
			defaultConfigurationIsVisible = 0;
			defaultConfigurationName = Release;
		};
		FDD327D12ACEC6E7006D4E20 /* Build configuration list for PBXNativeTarget "iOS-Test-Task" */ = {
			isa = XCConfigurationList;
			buildConfigurations = (
				FDD327D22ACEC6E7006D4E20 /* Debug */,
				FDD327D32ACEC6E7006D4E20 /* Release */,
			);
			defaultConfigurationIsVisible = 0;
			defaultConfigurationName = Release;
		};
/* End XCConfigurationList section */
	};
	rootObject = FDD327B52ACEC6E3006D4E20 /* Project object */;
}
